# THIS IS AN AUTOGENERATED FILE. DO NOT EDIT THIS FILE DIRECTLY.
# yarn lockfile v1


"@carbonplan/theme@^6.0.1":
  version "6.0.1"
  resolved "https://registry.yarnpkg.com/@carbonplan/theme/-/theme-6.0.1.tgz#c0dddea9c9840d8be3feb29cfeeeda9132139b67"
  integrity sha512-tipbyVvtBdKejuvlPSysHzHf+6Gkp3fHsB7FF46ngIIDn8yeTUOeDivcz5/Ct5weWt7FBeq57AgmdD62tw2ZDA==
